
Microsoft Visual Studio Solution File, Format Version 12.00
# Visual Studio Version 16
VisualStudioVersion = 16.0.31624.102
MinimumVisualStudioVersion = 10.0.40219.1
Project("{FAE04EC0-301F-11D3-BF4B-00C04F79EFBC}") = "02_Exercise3", "02_Exercise3.csproj", "{3C0351E6-AC40-4276-9985-0D669EDDE945}"
EndProject
Global
	GlobalSection(SolutionConfigurationPlatforms) = preSolution
		Debug|Any CPU = Debug|Any CPU
		Release|Any CPU = Release|Any CPU
	EndGlobalSection
	GlobalSection(ProjectConfigurationPlatforms) = postSolution
		{3C0351E6-AC40-4276-9985-0D669EDDE945}.Debug|Any CPU.ActiveCfg = Debug|Any CPU
		{3C0351E6-AC40-4276-9985-0D669EDDE945}.Debug|Any CPU.Build.0 = Debug|Any CPU
		{3C0351E6-AC40-4276-9985-0D669EDDE945}.Release|Any CPU.ActiveCfg = Release|Any CPU
		{3C0351E6-AC40-4276-9985-0D669EDDE945}.Release|Any CPU.Build.0 = Release|Any CPU
	EndGlobalSection
	GlobalSection(SolutionProperties) = preSolution
		HideSolutionNode = FALSE
	EndGlobalSection
	GlobalSection(ExtensibilityGlobals) = postSolution
		SolutionGuid = {5BEF382F-6BA3-4440-B5A0-92E2ED4F90DE}
	EndGlobalSection
EndGlobal
