
Microsoft Visual Studio Solution File, Format Version 12.00
# Visual Studio Version 16
VisualStudioVersion = 16.0.31702.278
MinimumVisualStudioVersion = 10.0.40219.1
Project("{FAE04EC0-301F-11D3-BF4B-00C04F79EFBC}") = "Exercise6", "Exercise6\Exercise6.csproj", "{735C1B27-4C9C-4CAF-B8E3-94DE43E306DA}"
EndProject
Global
	GlobalSection(SolutionConfigurationPlatforms) = preSolution
		Debug|Any CPU = Debug|Any CPU
		Release|Any CPU = Release|Any CPU
	EndGlobalSection
	GlobalSection(ProjectConfigurationPlatforms) = postSolution
		{735C1B27-4C9C-4CAF-B8E3-94DE43E306DA}.Debug|Any CPU.ActiveCfg = Debug|Any CPU
		{735C1B27-4C9C-4CAF-B8E3-94DE43E306DA}.Debug|Any CPU.Build.0 = Debug|Any CPU
		{735C1B27-4C9C-4CAF-B8E3-94DE43E306DA}.Release|Any CPU.ActiveCfg = Release|Any CPU
		{735C1B27-4C9C-4CAF-B8E3-94DE43E306DA}.Release|Any CPU.Build.0 = Release|Any CPU
	EndGlobalSection
	GlobalSection(SolutionProperties) = preSolution
		HideSolutionNode = FALSE
	EndGlobalSection
	GlobalSection(ExtensibilityGlobals) = postSolution
		SolutionGuid = {57D3121F-65E7-48FB-B640-774B3CEAE77E}
	EndGlobalSection
EndGlobal
