
Microsoft Visual Studio Solution File, Format Version 12.00
# Visual Studio Version 16
VisualStudioVersion = 16.0.31702.278
MinimumVisualStudioVersion = 10.0.40219.1
Project("{FAE04EC0-301F-11D3-BF4B-00C04F79EFBC}") = "StudentManagement", "StudentManagement\StudentManagement.csproj", "{8194E8E8-E742-47B0-B59A-171F56210610}"
EndProject
Global
	GlobalSection(SolutionConfigurationPlatforms) = preSolution
		Debug|Any CPU = Debug|Any CPU
		Release|Any CPU = Release|Any CPU
	EndGlobalSection
	GlobalSection(ProjectConfigurationPlatforms) = postSolution
		{8194E8E8-E742-47B0-B59A-171F56210610}.Debug|Any CPU.ActiveCfg = Debug|Any CPU
		{8194E8E8-E742-47B0-B59A-171F56210610}.Debug|Any CPU.Build.0 = Debug|Any CPU
		{8194E8E8-E742-47B0-B59A-171F56210610}.Release|Any CPU.ActiveCfg = Release|Any CPU
		{8194E8E8-E742-47B0-B59A-171F56210610}.Release|Any CPU.Build.0 = Release|Any CPU
	EndGlobalSection
	GlobalSection(SolutionProperties) = preSolution
		HideSolutionNode = FALSE
	EndGlobalSection
	GlobalSection(ExtensibilityGlobals) = postSolution
		SolutionGuid = {3BEF6443-D4DA-4E67-9581-24FD97529507}
	EndGlobalSection
EndGlobal
